PODS:
  - Differentiator (5.0.0)
  - MBProgressHUD (1.2.0)
  - ObjectMapper (4.2.0)
  - ReachabilitySwift (5.0.0)
  - RxBlocking (6.2.0):
    - RxSwift (= 6.2.0)
  - RxCocoa (6.2.0):
    - RxRelay (= 6.2.0)
    - RxSwift (= 6.2.0)
  - RxDataSources (5.0.0):
    - Differentiator (~> 5.0)
    - RxCocoa (~> 6.0)
    - RxSwift (~> 6.0)
  - RxRelay (6.2.0):
    - RxSwift (= 6.2.0)
  - RxSwift (6.2.0)
  - RxSwiftExt (6.0.1):
    - RxSwiftExt/Core (= 6.0.1)
    - RxSwiftExt/RxCocoa (= 6.0.1)
  - RxSwiftExt/Core (6.0.1):
    - RxSwift (~> 6.0)
  - RxSwiftExt/RxCocoa (6.0.1):
    - RxCocoa (~> 6.0)
    - RxSwiftExt/Core
  - RxTest (6.2.0):
    - RxSwift (= 6.2.0)
  - Sourcery (1.0.3)
  - SwiftLint (0.43.1)
  - SwiftyMocky (4.0.4):
    - Sourcery (~> 1.0.2)
  - Swinject (2.8.0)
  - SwinjectStoryboard (2.2.0):
    - Swinject (~> 2.6)

DEPENDENCIES:
  - MBProgressHUD
  - ObjectMapper
  - ReachabilitySwift
  - RxBlocking
  - RxCocoa
  - RxDataSources
  - RxSwift
  - RxSwiftExt
  - RxTest
  - Sourcery
  - SwiftLint
  - SwiftyMocky
  - Swinject
  - SwinjectStoryboard

SPEC REPOS:
  trunk:
    - Differentiator
    - MBProgressHUD
    - ObjectMapper
    - ReachabilitySwift
    - RxBlocking
    - RxCocoa
    - RxDataSources
    - RxRelay
    - RxSwift
    - RxSwiftExt
    - RxTest
    - Sourcery
    - SwiftLint
    - SwiftyMocky
    - Swinject
    - SwinjectStoryboard

SPEC CHECKSUMS:
  Differentiator: e8497ceab83c1b10ca233716d547b9af21b9344d
  MBProgressHUD: 3ee5efcc380f6a79a7cc9b363dd669c5e1ae7406
  ObjectMapper: 1eb41f610210777375fa806bf161dc39fb832b81
  ReachabilitySwift: 985039c6f7b23a1da463388634119492ff86c825
  RxBlocking: 0b29f7d2079109a8de49c411381bed7c33ef1eeb
  RxCocoa: 4baf94bb35f2c0ab31bc0cb9f1900155f646ba42
  RxDataSources: aa47cc1ed6c500fa0dfecac5c979b723542d79cf
  RxRelay: e72dbfd157807478401ef1982e1c61c945c94b2f
  RxSwift: d356ab7bee873611322f134c5f9ef379fa183d8f
  RxSwiftExt: d61c4b9b06e0a448041b1c659e0f1b5c5a035afc
  RxTest: 0c692fa672b694373ba86d2b00033595297a2831
  Sourcery: 70a6048014bd4f37ea80e6bd4354d47bf3b760e1
  SwiftLint: 99f82d07b837b942dd563c668de129a03fc3fb52
  SwiftyMocky: 1fb3ceca9ded134dad4da58a0f20023d7f685ccf
  Swinject: db795b8d6d78559b25fbebb0170d2635be1176e2
  SwinjectStoryboard: 32512ef16c2b0ff5b8f823b23539c4a50f6d3383

PODFILE CHECKSUM: 1c8abf5ad87024c031f13008385ac99370304358

COCOAPODS: 1.10.1
